
Microsoft Visual Studio Solution File, Format Version 12.00
# Visual Studio 2013
VisualStudioVersion = 12.0.40629.0
MinimumVisualStudioVersion = 10.0.40219.1
Project("{FAE04EC0-301F-11D3-BF4B-00C04F79EFBC}") = "BenefitsAllocationUpload", "BenefitsAllocationUpload\BenefitsAllocationUpload.csproj", "{91ED1CD7-2030-4A03-A47D-2744403BD658}"
EndProject
Project("{FAE04EC0-301F-11D3-BF4B-00C04F79EFBC}") = "BenefitsAllocation.Core", "BenefitsAllocation.Core\BenefitsAllocation.Core.csproj", "{31BE6ED0-118E-4E5E-811B-ED5C34E48E9C}"
EndProject
Project("{2150E333-8FDC-42A3-9474-1A3956D46DE8}") = ".nuget", ".nuget", "{571B8BB4-E9B8-4D16-B642-79894BECEF0A}"
	ProjectSection(SolutionItems) = preProject
		.nuget\NuGet.Config = .nuget\NuGet.Config
		.nuget\NuGet.exe = .nuget\NuGet.exe
		.nuget\NuGet.targets = .nuget\NuGet.targets
	EndProjectSection
EndProject
Project("{00D1A9C2-B5F0-4AF3-8072-F6C62B433612}") = "BenefitsAllocationUpload Database", "BenefitsAllocationUpload Database\BenefitsAllocationUpload Database.sqlproj", "{036C6DEA-734A-4695-82A8-5EAC104EB60B}"
EndProject
Global
	GlobalSection(SolutionConfigurationPlatforms) = preSolution
		BenefitsAllocation site|Any CPU = BenefitsAllocation site|Any CPU
		Debug|Any CPU = Debug|Any CPU
		Release|Any CPU = Release|Any CPU
		Test|Any CPU = Test|Any CPU
	EndGlobalSection
	GlobalSection(ProjectConfigurationPlatforms) = postSolution
		{91ED1CD7-2030-4A03-A47D-2744403BD658}.BenefitsAllocation site|Any CPU.ActiveCfg = BenefitsAllocation site|Any CPU
		{91ED1CD7-2030-4A03-A47D-2744403BD658}.BenefitsAllocation site|Any CPU.Build.0 = BenefitsAllocation site|Any CPU
		{91ED1CD7-2030-4A03-A47D-2744403BD658}.BenefitsAllocation site|Any CPU.Deploy.0 = BenefitsAllocation site|Any CPU
		{91ED1CD7-2030-4A03-A47D-2744403BD658}.Debug|Any CPU.ActiveCfg = Debug|Any CPU
		{91ED1CD7-2030-4A03-A47D-2744403BD658}.Debug|Any CPU.Build.0 = Debug|Any CPU
		{91ED1CD7-2030-4A03-A47D-2744403BD658}.Release|Any CPU.ActiveCfg = Release|Any CPU
		{91ED1CD7-2030-4A03-A47D-2744403BD658}.Release|Any CPU.Build.0 = Release|Any CPU
		{91ED1CD7-2030-4A03-A47D-2744403BD658}.Test|Any CPU.ActiveCfg = Test|Any CPU
		{91ED1CD7-2030-4A03-A47D-2744403BD658}.Test|Any CPU.Build.0 = Test|Any CPU
		{31BE6ED0-118E-4E5E-811B-ED5C34E48E9C}.BenefitsAllocation site|Any CPU.ActiveCfg = BenefitsAllocation site|Any CPU
		{31BE6ED0-118E-4E5E-811B-ED5C34E48E9C}.BenefitsAllocation site|Any CPU.Build.0 = BenefitsAllocation site|Any CPU
		{31BE6ED0-118E-4E5E-811B-ED5C34E48E9C}.Debug|Any CPU.ActiveCfg = Debug|Any CPU
		{31BE6ED0-118E-4E5E-811B-ED5C34E48E9C}.Debug|Any CPU.Build.0 = Debug|Any CPU
		{31BE6ED0-118E-4E5E-811B-ED5C34E48E9C}.Release|Any CPU.ActiveCfg = Release|Any CPU
		{31BE6ED0-118E-4E5E-811B-ED5C34E48E9C}.Release|Any CPU.Build.0 = Release|Any CPU
		{31BE6ED0-118E-4E5E-811B-ED5C34E48E9C}.Test|Any CPU.ActiveCfg = Test|Any CPU
		{31BE6ED0-118E-4E5E-811B-ED5C34E48E9C}.Test|Any CPU.Build.0 = Test|Any CPU
		{036C6DEA-734A-4695-82A8-5EAC104EB60B}.BenefitsAllocation site|Any CPU.ActiveCfg = BenefitsAllocation site|Any CPU
		{036C6DEA-734A-4695-82A8-5EAC104EB60B}.BenefitsAllocation site|Any CPU.Build.0 = BenefitsAllocation site|Any CPU
		{036C6DEA-734A-4695-82A8-5EAC104EB60B}.Debug|Any CPU.ActiveCfg = Debug|Any CPU
		{036C6DEA-734A-4695-82A8-5EAC104EB60B}.Release|Any CPU.ActiveCfg = Release|Any CPU
		{036C6DEA-734A-4695-82A8-5EAC104EB60B}.Release|Any CPU.Build.0 = Release|Any CPU
		{036C6DEA-734A-4695-82A8-5EAC104EB60B}.Release|Any CPU.Deploy.0 = Release|Any CPU
		{036C6DEA-734A-4695-82A8-5EAC104EB60B}.Test|Any CPU.ActiveCfg = Test|Any CPU
		{036C6DEA-734A-4695-82A8-5EAC104EB60B}.Test|Any CPU.Build.0 = Test|Any CPU
		{036C6DEA-734A-4695-82A8-5EAC104EB60B}.Test|Any CPU.Deploy.0 = Test|Any CPU
	EndGlobalSection
	GlobalSection(SolutionProperties) = preSolution
		HideSolutionNode = FALSE
	EndGlobalSection
	GlobalSection(ExtensibilityGlobals) = postSolution
		SolutionGuid = {3EA40D4F-7D47-46F3-A5EE-49B26C121ABA}
	EndGlobalSection
EndGlobal
